<?xml version="1.0" encoding="utf-8"?>
<Project ToolsVersion="4.0" xmlns="http://schemas.microsoft.com/developer/msbuild/2003">
  <ItemGroup>
    <ClInclude Include="src\assert.hpp" />
    <ClInclude Include="src\core.hpp" />
    <ClInclude Include="src\foreman.hpp" />
    <ClInclude Include="src\format.hpp" />
    <ClInclude Include="src\result.hpp" />
  </ItemGroup>
  <ItemGroup>
    <Filter Include="test">
      <UniqueIdentifier>{e0adf707-b97b-4fb8-b05d-84c5d38ed71c}</UniqueIdentifier>
    </Filter>
  </ItemGroup>
  <ItemGroup>
    <ClCompile Include="test\main.cpp">
      <Filter>test</Filter>
    </ClCompile>
  </ItemGroup>
</Project>